// !$*UTF8*$!
{
	archiveVersion = 1;
	classes = {
	};
	objectVersion = 56;
	objects = {

/* Begin PBXBuildFile section */
		138D0E842B54AFB200206FBA /* BookmarkModel.xcdatamodeld in Sources */ = {isa = PBXBuildFile; fileRef = 138D0E822B54AFB200206FBA /* BookmarkModel.xcdatamodeld */; };
		138D0E872B54B08300206FBA /* BookmarkDataService.swift in Sources */ = {isa = PBXBuildFile; fileRef = 138D0E862B54B08300206FBA /* BookmarkDataService.swift */; };
		138D0E8A2B54B32800206FBA /* BookmarkEntity+CoreDataProperties.swift in Sources */ = {isa = PBXBuildFile; fileRef = 138D0E882B54B32800206FBA /* BookmarkEntity+CoreDataProperties.swift */; };
		138D0E8B2B54B32800206FBA /* BookmarkEntity+CoreDataClass.swift in Sources */ = {isa = PBXBuildFile; fileRef = 138D0E892B54B32800206FBA /* BookmarkEntity+CoreDataClass.swift */; };
		138D0E8E2B54B7FC00206FBA /* FavoriteTableViewCell.swift in Sources */ = {isa = PBXBuildFile; fileRef = 138D0E8C2B54B7FC00206FBA /* FavoriteTableViewCell.swift */; };
		138D0E8F2B54B7FC00206FBA /* FavoriteTableViewCell.xib in Resources */ = {isa = PBXBuildFile; fileRef = 138D0E8D2B54B7FC00206FBA /* FavoriteTableViewCell.xib */; };
		13ED5B9F2B4E81C00000DBFB /* AppDelegate.swift in Sources */ = {isa = PBXBuildFile; fileRef = 13ED5B9E2B4E81C00000DBFB /* AppDelegate.swift */; };
		13ED5BA12B4E81C00000DBFB /* SceneDelegate.swift in Sources */ = {isa = PBXBuildFile; fileRef = 13ED5BA02B4E81C00000DBFB /* SceneDelegate.swift */; };
		13ED5BA32B4E81C00000DBFB /* ViewController.swift in Sources */ = {isa = PBXBuildFile; fileRef = 13ED5BA22B4E81C00000DBFB /* ViewController.swift */; };
		13ED5BA62B4E81C00000DBFB /* Main.storyboard in Resources */ = {isa = PBXBuildFile; fileRef = 13ED5BA42B4E81C00000DBFB /* Main.storyboard */; };
		13ED5BA82B4E81C20000DBFB /* Assets.xcassets in Resources */ = {isa = PBXBuildFile; fileRef = 13ED5BA72B4E81C20000DBFB /* Assets.xcassets */; };
		13ED5BAB2B4E81C20000DBFB /* LaunchScreen.storyboard in Resources */ = {isa = PBXBuildFile; fileRef = 13ED5BA92B4E81C20000DBFB /* LaunchScreen.storyboard */; };
		13ED5BBC2B4E83980000DBFB /* ListOfAnimalViewController.swift in Sources */ = {isa = PBXBuildFile; fileRef = 13ED5BBA2B4E83980000DBFB /* ListOfAnimalViewController.swift */; };
		13ED5BBD2B4E83980000DBFB /* ListOfAnimalViewController.xib in Resources */ = {isa = PBXBuildFile; fileRef = 13ED5BBB2B4E83980000DBFB /* ListOfAnimalViewController.xib */; };
		13ED5BBF2B4E84420000DBFB /* APIService.swift in Sources */ = {isa = PBXBuildFile; fileRef = 13ED5BBE2B4E84420000DBFB /* APIService.swift */; };
		13ED5BC12B4E85E40000DBFB /* Constants.swift in Sources */ = {isa = PBXBuildFile; fileRef = 13ED5BC02B4E85E40000DBFB /* Constants.swift */; };
		13ED5BC32B4E87E50000DBFB /* AnimalType.swift in Sources */ = {isa = PBXBuildFile; fileRef = 13ED5BC22B4E87E50000DBFB /* AnimalType.swift */; };
		13ED5BCA2B4E8D850000DBFB /* ImagePhotos.swift in Sources */ = {isa = PBXBuildFile; fileRef = 13ED5BC42B4E8D840000DBFB /* ImagePhotos.swift */; };
		13ED5BCB2B4E8D850000DBFB /* AnimalCharacteristics.swift in Sources */ = {isa = PBXBuildFile; fileRef = 13ED5BC52B4E8D840000DBFB /* AnimalCharacteristics.swift */; };
		13ED5BCC2B4E8D850000DBFB /* ImageSrc.swift in Sources */ = {isa = PBXBuildFile; fileRef = 13ED5BC62B4E8D840000DBFB /* ImageSrc.swift */; };
		13ED5BCD2B4E8D850000DBFB /* ImageBaseModel.swift in Sources */ = {isa = PBXBuildFile; fileRef = 13ED5BC72B4E8D840000DBFB /* ImageBaseModel.swift */; };
		13ED5BCE2B4E8D850000DBFB /* AnimalBaseModel.swift in Sources */ = {isa = PBXBuildFile; fileRef = 13ED5BC82B4E8D850000DBFB /* AnimalBaseModel.swift */; };
		13ED5BCF2B4E8D850000DBFB /* AnimalTaxonomy.swift in Sources */ = {isa = PBXBuildFile; fileRef = 13ED5BC92B4E8D850000DBFB /* AnimalTaxonomy.swift */; };
		13ED5BD12B4E8E3B0000DBFB /* Extension+String.swift in Sources */ = {isa = PBXBuildFile; fileRef = 13ED5BD02B4E8E3B0000DBFB /* Extension+String.swift */; };
		13ED5BD32B4E8E620000DBFB /* Extension+UITableView.swift in Sources */ = {isa = PBXBuildFile; fileRef = 13ED5BD22B4E8E620000DBFB /* Extension+UITableView.swift */; };
		13ED5BDC2B50CB670000DBFB /* ListOfAnimalInteractor.swift in Sources */ = {isa = PBXBuildFile; fileRef = 13ED5BDB2B50CB670000DBFB /* ListOfAnimalInteractor.swift */; };
		13ED5BDE2B50CCC80000DBFB /* ListOfAnimalPresenter.swift in Sources */ = {isa = PBXBuildFile; fileRef = 13ED5BDD2B50CCC80000DBFB /* ListOfAnimalPresenter.swift */; };
		13ED5BE02B50CCD60000DBFB /* ListOfAnimalRouter.swift in Sources */ = {isa = PBXBuildFile; fileRef = 13ED5BDF2B50CCD60000DBFB /* ListOfAnimalRouter.swift */; };
		13ED5BE62B50FD9D0000DBFB /* ModuleConfigurator.swift in Sources */ = {isa = PBXBuildFile; fileRef = 13ED5BE52B50FD9D0000DBFB /* ModuleConfigurator.swift */; };
		13ED5BF32B5136B60000DBFB /* AnimalPictureViewController.swift in Sources */ = {isa = PBXBuildFile; fileRef = 13ED5BF12B5136B60000DBFB /* AnimalPictureViewController.swift */; };
		13ED5BF42B5136B60000DBFB /* AnimalPictureViewController.xib in Resources */ = {isa = PBXBuildFile; fileRef = 13ED5BF22B5136B60000DBFB /* AnimalPictureViewController.xib */; };
		13ED5BF62B5136C60000DBFB /* AnimalPictureInteractor.swift in Sources */ = {isa = PBXBuildFile; fileRef = 13ED5BF52B5136C60000DBFB /* AnimalPictureInteractor.swift */; };
		13ED5BF82B5136D20000DBFB /* AnimalPicturePresenter.swift in Sources */ = {isa = PBXBuildFile; fileRef = 13ED5BF72B5136D20000DBFB /* AnimalPicturePresenter.swift */; };
		13ED5BFA2B5136DE0000DBFB /* AnimalPictureRouter.swift in Sources */ = {isa = PBXBuildFile; fileRef = 13ED5BF92B5136DE0000DBFB /* AnimalPictureRouter.swift */; };
		13ED5BFD2B5136EF0000DBFB /* FavoriteViewController.swift in Sources */ = {isa = PBXBuildFile; fileRef = 13ED5BFB2B5136EF0000DBFB /* FavoriteViewController.swift */; };
		13ED5BFE2B5136EF0000DBFB /* FavoriteViewController.xib in Resources */ = {isa = PBXBuildFile; fileRef = 13ED5BFC2B5136EF0000DBFB /* FavoriteViewController.xib */; };
		13ED5C002B5136FD0000DBFB /* FavoriteInteractor.swift in Sources */ = {isa = PBXBuildFile; fileRef = 13ED5BFF2B5136FD0000DBFB /* FavoriteInteractor.swift */; };
		13ED5C022B5137070000DBFB /* FavoritePresenter.swift in Sources */ = {isa = PBXBuildFile; fileRef = 13ED5C012B5137070000DBFB /* FavoritePresenter.swift */; };
		13ED5C042B5137110000DBFB /* FavoriteRouter.swift in Sources */ = {isa = PBXBuildFile; fileRef = 13ED5C032B5137110000DBFB /* FavoriteRouter.swift */; };
		13ED5C072B518ACF0000DBFB /* ListTableViewCell.swift in Sources */ = {isa = PBXBuildFile; fileRef = 13ED5C052B518ACF0000DBFB /* ListTableViewCell.swift */; };
		13ED5C082B518ACF0000DBFB /* ListTableViewCell.xib in Resources */ = {isa = PBXBuildFile; fileRef = 13ED5C062B518ACF0000DBFB /* ListTableViewCell.xib */; };
		13ED5C2B2B52D0510000DBFB /* Endpoint.swift in Sources */ = {isa = PBXBuildFile; fileRef = 13ED5C2A2B52D0510000DBFB /* Endpoint.swift */; };
		13ED5C322B52E1FE0000DBFB /* PictureTableViewCell.swift in Sources */ = {isa = PBXBuildFile; fileRef = 13ED5C302B52E1FE0000DBFB /* PictureTableViewCell.swift */; };
		13ED5C332B52E1FE0000DBFB /* PictureTableViewCell.xib in Resources */ = {isa = PBXBuildFile; fileRef = 13ED5C312B52E1FE0000DBFB /* PictureTableViewCell.xib */; };
		6B56F1DD223E491B5C2E722F /* Pods_Animal_App.framework in Frameworks */ = {isa = PBXBuildFile; fileRef = D0C7E089A5376D0036DFF754 /* Pods_Animal_App.framework */; };
/* End PBXBuildFile section */

/* Begin PBXFileReference section */
		0F42122B53B1D71AFB4F011D /* Pods-Animal App.release.xcconfig */ = {isa = PBXFileReference; includeInIndex = 1; lastKnownFileType = text.xcconfig; name = "Pods-Animal App.release.xcconfig"; path = "Target Support Files/Pods-Animal App/Pods-Animal App.release.xcconfig"; sourceTree = "<group>"; };
		138D0E832B54AFB200206FBA /* BookmarkModel.xcdatamodel */ = {isa = PBXFileReference; lastKnownFileType = wrapper.xcdatamodel; path = BookmarkModel.xcdatamodel; sourceTree = "<group>"; };
		138D0E862B54B08300206FBA /* BookmarkDataService.swift */ = {isa = PBXFileReference; lastKnownFileType = sourcecode.swift; path = BookmarkDataService.swift; sourceTree = "<group>"; };
		138D0E882B54B32800206FBA /* BookmarkEntity+CoreDataProperties.swift */ = {isa = PBXFileReference; fileEncoding = 4; lastKnownFileType = sourcecode.swift; path = "BookmarkEntity+CoreDataProperties.swift"; sourceTree = "<group>"; };
		138D0E892B54B32800206FBA /* BookmarkEntity+CoreDataClass.swift */ = {isa = PBXFileReference; fileEncoding = 4; lastKnownFileType = sourcecode.swift; path = "BookmarkEntity+CoreDataClass.swift"; sourceTree = "<group>"; };
		138D0E8C2B54B7FC00206FBA /* FavoriteTableViewCell.swift */ = {isa = PBXFileReference; lastKnownFileType = sourcecode.swift; path = FavoriteTableViewCell.swift; sourceTree = "<group>"; };
		138D0E8D2B54B7FC00206FBA /* FavoriteTableViewCell.xib */ = {isa = PBXFileReference; lastKnownFileType = file.xib; path = FavoriteTableViewCell.xib; sourceTree = "<group>"; };
		13ED5B9B2B4E81C00000DBFB /* Animal App.app */ = {isa = PBXFileReference; explicitFileType = wrapper.application; includeInIndex = 0; path = "Animal App.app"; sourceTree = BUILT_PRODUCTS_DIR; };
		13ED5B9E2B4E81C00000DBFB /* AppDelegate.swift */ = {isa = PBXFileReference; lastKnownFileType = sourcecode.swift; path = AppDelegate.swift; sourceTree = "<group>"; };
		13ED5BA02B4E81C00000DBFB /* SceneDelegate.swift */ = {isa = PBXFileReference; lastKnownFileType = sourcecode.swift; path = SceneDelegate.swift; sourceTree = "<group>"; };
		13ED5BA22B4E81C00000DBFB /* ViewController.swift */ = {isa = PBXFileReference; lastKnownFileType = sourcecode.swift; path = ViewController.swift; sourceTree = "<group>"; };
		13ED5BA52B4E81C00000DBFB /* Base */ = {isa = PBXFileReference; lastKnownFileType = file.storyboard; name = Base; path = Base.lproj/Main.storyboard; sourceTree = "<group>"; };
		13ED5BA72B4E81C20000DBFB /* Assets.xcassets */ = {isa = PBXFileReference; lastKnownFileType = folder.assetcatalog; path = Assets.xcassets; sourceTree = "<group>"; };
		13ED5BAA2B4E81C20000DBFB /* Base */ = {isa = PBXFileReference; lastKnownFileType = file.storyboard; name = Base; path = Base.lproj/LaunchScreen.storyboard; sourceTree = "<group>"; };
		13ED5BAC2B4E81C20000DBFB /* Info.plist */ = {isa = PBXFileReference; lastKnownFileType = text.plist.xml; path = Info.plist; sourceTree = "<group>"; };
		13ED5BBA2B4E83980000DBFB /* ListOfAnimalViewController.swift */ = {isa = PBXFileReference; lastKnownFileType = sourcecode.swift; path = ListOfAnimalViewController.swift; sourceTree = "<group>"; };
		13ED5BBB2B4E83980000DBFB /* ListOfAnimalViewController.xib */ = {isa = PBXFileReference; lastKnownFileType = file.xib; path = ListOfAnimalViewController.xib; sourceTree = "<group>"; };
		13ED5BBE2B4E84420000DBFB /* APIService.swift */ = {isa = PBXFileReference; lastKnownFileType = sourcecode.swift; path = APIService.swift; sourceTree = "<group>"; };
		13ED5BC02B4E85E40000DBFB /* Constants.swift */ = {isa = PBXFileReference; lastKnownFileType = sourcecode.swift; path = Constants.swift; sourceTree = "<group>"; };
		13ED5BC22B4E87E50000DBFB /* AnimalType.swift */ = {isa = PBXFileReference; lastKnownFileType = sourcecode.swift; path = AnimalType.swift; sourceTree = "<group>"; };
		13ED5BC42B4E8D840000DBFB /* ImagePhotos.swift */ = {isa = PBXFileReference; fileEncoding = 4; lastKnownFileType = sourcecode.swift; path = ImagePhotos.swift; sourceTree = "<group>"; };
		13ED5BC52B4E8D840000DBFB /* AnimalCharacteristics.swift */ = {isa = PBXFileReference; fileEncoding = 4; lastKnownFileType = sourcecode.swift; path = AnimalCharacteristics.swift; sourceTree = "<group>"; };
		13ED5BC62B4E8D840000DBFB /* ImageSrc.swift */ = {isa = PBXFileReference; fileEncoding = 4; lastKnownFileType = sourcecode.swift; path = ImageSrc.swift; sourceTree = "<group>"; };
		13ED5BC72B4E8D840000DBFB /* ImageBaseModel.swift */ = {isa = PBXFileReference; fileEncoding = 4; lastKnownFileType = sourcecode.swift; path = ImageBaseModel.swift; sourceTree = "<group>"; };
		13ED5BC82B4E8D850000DBFB /* AnimalBaseModel.swift */ = {isa = PBXFileReference; fileEncoding = 4; lastKnownFileType = sourcecode.swift; path = AnimalBaseModel.swift; sourceTree = "<group>"; };
		13ED5BC92B4E8D850000DBFB /* AnimalTaxonomy.swift */ = {isa = PBXFileReference; fileEncoding = 4; lastKnownFileType = sourcecode.swift; path = AnimalTaxonomy.swift; sourceTree = "<group>"; };
		13ED5BD02B4E8E3B0000DBFB /* Extension+String.swift */ = {isa = PBXFileReference; lastKnownFileType = sourcecode.swift; path = "Extension+String.swift"; sourceTree = "<group>"; };
		13ED5BD22B4E8E620000DBFB /* Extension+UITableView.swift */ = {isa = PBXFileReference; lastKnownFileType = sourcecode.swift; path = "Extension+UITableView.swift"; sourceTree = "<group>"; };
		13ED5BDB2B50CB670000DBFB /* ListOfAnimalInteractor.swift */ = {isa = PBXFileReference; lastKnownFileType = sourcecode.swift; path = ListOfAnimalInteractor.swift; sourceTree = "<group>"; };
		13ED5BDD2B50CCC80000DBFB /* ListOfAnimalPresenter.swift */ = {isa = PBXFileReference; lastKnownFileType = sourcecode.swift; path = ListOfAnimalPresenter.swift; sourceTree = "<group>"; };
		13ED5BDF2B50CCD60000DBFB /* ListOfAnimalRouter.swift */ = {isa = PBXFileReference; lastKnownFileType = sourcecode.swift; path = ListOfAnimalRouter.swift; sourceTree = "<group>"; };
		13ED5BE52B50FD9D0000DBFB /* ModuleConfigurator.swift */ = {isa = PBXFileReference; lastKnownFileType = sourcecode.swift; path = ModuleConfigurator.swift; sourceTree = "<group>"; };
		13ED5BF12B5136B60000DBFB /* AnimalPictureViewController.swift */ = {isa = PBXFileReference; lastKnownFileType = sourcecode.swift; path = AnimalPictureViewController.swift; sourceTree = "<group>"; };
		13ED5BF22B5136B60000DBFB /* AnimalPictureViewController.xib */ = {isa = PBXFileReference; lastKnownFileType = file.xib; path = AnimalPictureViewController.xib; sourceTree = "<group>"; };
		13ED5BF52B5136C60000DBFB /* AnimalPictureInteractor.swift */ = {isa = PBXFileReference; lastKnownFileType = sourcecode.swift; path = AnimalPictureInteractor.swift; sourceTree = "<group>"; };
		13ED5BF72B5136D20000DBFB /* AnimalPicturePresenter.swift */ = {isa = PBXFileReference; lastKnownFileType = sourcecode.swift; path = AnimalPicturePresenter.swift; sourceTree = "<group>"; };
		13ED5BF92B5136DE0000DBFB /* AnimalPictureRouter.swift */ = {isa = PBXFileReference; lastKnownFileType = sourcecode.swift; path = AnimalPictureRouter.swift; sourceTree = "<group>"; };
		13ED5BFB2B5136EF0000DBFB /* FavoriteViewController.swift */ = {isa = PBXFileReference; lastKnownFileType = sourcecode.swift; path = FavoriteViewController.swift; sourceTree = "<group>"; };
		13ED5BFC2B5136EF0000DBFB /* FavoriteViewController.xib */ = {isa = PBXFileReference; lastKnownFileType = file.xib; path = FavoriteViewController.xib; sourceTree = "<group>"; };
		13ED5BFF2B5136FD0000DBFB /* FavoriteInteractor.swift */ = {isa = PBXFileReference; lastKnownFileType = sourcecode.swift; path = FavoriteInteractor.swift; sourceTree = "<group>"; };
		13ED5C012B5137070000DBFB /* FavoritePresenter.swift */ = {isa = PBXFileReference; lastKnownFileType = sourcecode.swift; path = FavoritePresenter.swift; sourceTree = "<group>"; };
		13ED5C032B5137110000DBFB /* FavoriteRouter.swift */ = {isa = PBXFileReference; lastKnownFileType = sourcecode.swift; path = FavoriteRouter.swift; sourceTree = "<group>"; };
		13ED5C052B518ACF0000DBFB /* ListTableViewCell.swift */ = {isa = PBXFileReference; lastKnownFileType = sourcecode.swift; path = ListTableViewCell.swift; sourceTree = "<group>"; };
		13ED5C062B518ACF0000DBFB /* ListTableViewCell.xib */ = {isa = PBXFileReference; lastKnownFileType = file.xib; path = ListTableViewCell.xib; sourceTree = "<group>"; };
		13ED5C2A2B52D0510000DBFB /* Endpoint.swift */ = {isa = PBXFileReference; lastKnownFileType = sourcecode.swift; path = Endpoint.swift; sourceTree = "<group>"; };
		13ED5C302B52E1FE0000DBFB /* PictureTableViewCell.swift */ = {isa = PBXFileReference; lastKnownFileType = sourcecode.swift; path = PictureTableViewCell.swift; sourceTree = "<group>"; };
		13ED5C312B52E1FE0000DBFB /* PictureTableViewCell.xib */ = {isa = PBXFileReference; lastKnownFileType = file.xib; path = PictureTableViewCell.xib; sourceTree = "<group>"; };
		D0C7E089A5376D0036DFF754 /* Pods_Animal_App.framework */ = {isa = PBXFileReference; explicitFileType = wrapper.framework; includeInIndex = 0; path = Pods_Animal_App.framework; sourceTree = BUILT_PRODUCTS_DIR; };
		D89E5319A6DFFE54C048B6D7 /* Pods-Animal App.debug.xcconfig */ = {isa = PBXFileReference; includeInIndex = 1; lastKnownFileType = text.xcconfig; name = "Pods-Animal App.debug.xcconfig"; path = "Target Support Files/Pods-Animal App/Pods-Animal App.debug.xcconfig"; sourceTree = "<group>"; };
/* End PBXFileReference section */

/* Begin PBXFrameworksBuildPhase section */
		13ED5B982B4E81C00000DBFB /* Frameworks */ = {
			isa = PBXFrameworksBuildPhase;
			buildActionMask = 2147483647;
			files = (
				6B56F1DD223E491B5C2E722F /* Pods_Animal_App.framework in Frameworks */,
			);
			runOnlyForDeploymentPostprocessing = 0;
		};
/* End PBXFrameworksBuildPhase section */

/* Begin PBXGroup section */
		138D0E852B54B05800206FBA /* Bookmark */ = {
			isa = PBXGroup;
			children = (
				138D0E882B54B32800206FBA /* BookmarkEntity+CoreDataProperties.swift */,
				138D0E892B54B32800206FBA /* BookmarkEntity+CoreDataClass.swift */,
				138D0E822B54AFB200206FBA /* BookmarkModel.xcdatamodeld */,
			);
			path = Bookmark;
			sourceTree = "<group>";
		};
		13ED5B922B4E81C00000DBFB = {
			isa = PBXGroup;
			children = (
				13ED5B9D2B4E81C00000DBFB /* Animal App */,
				13ED5B9C2B4E81C00000DBFB /* Products */,
				16241FF10F6FC87AF999EF97 /* Pods */,
				6620FE3BB5D1A4EABAE4630C /* Frameworks */,
			);
			sourceTree = "<group>";
		};
		13ED5B9C2B4E81C00000DBFB /* Products */ = {
			isa = PBXGroup;
			children = (
				13ED5B9B2B4E81C00000DBFB /* Animal App.app */,
			);
			name = Products;
			sourceTree = "<group>";
		};
		13ED5B9D2B4E81C00000DBFB /* Animal App */ = {
			isa = PBXGroup;
			children = (
				13ED5BB72B4E83360000DBFB /* Common */,
				13ED5BB62B4E83190000DBFB /* Services */,
				13ED5BB52B4E81F80000DBFB /* Models */,
				13ED5BD62B50C9800000DBFB /* Scenes */,
				13ED5B9E2B4E81C00000DBFB /* AppDelegate.swift */,
				13ED5BA02B4E81C00000DBFB /* SceneDelegate.swift */,
				13ED5BA22B4E81C00000DBFB /* ViewController.swift */,
				13ED5BA42B4E81C00000DBFB /* Main.storyboard */,
				13ED5BA72B4E81C20000DBFB /* Assets.xcassets */,
				13ED5BA92B4E81C20000DBFB /* LaunchScreen.storyboard */,
				13ED5BAC2B4E81C20000DBFB /* Info.plist */,
			);
			path = "Animal App";
			sourceTree = "<group>";
		};
		13ED5BB32B4E81E50000DBFB /* View */ = {
			isa = PBXGroup;
			children = (
				13ED5BE32B50E88C0000DBFB /* Cells */,
				13ED5BBA2B4E83980000DBFB /* ListOfAnimalViewController.swift */,
				13ED5BBB2B4E83980000DBFB /* ListOfAnimalViewController.xib */,
			);
			path = View;
			sourceTree = "<group>";
		};
		13ED5BB52B4E81F80000DBFB /* Models */ = {
			isa = PBXGroup;
			children = (
				138D0E852B54B05800206FBA /* Bookmark */,
				13ED5C2C2B52E0010000DBFB /* AnimalList */,
				13ED5C2D2B52E02B0000DBFB /* AnimalImage */,
			);
			path = Models;
			sourceTree = "<group>";
		};
		13ED5BB62B4E83190000DBFB /* Services */ = {
			isa = PBXGroup;
			children = (
				13ED5BBE2B4E84420000DBFB /* APIService.swift */,
				13ED5C2A2B52D0510000DBFB /* Endpoint.swift */,
				138D0E862B54B08300206FBA /* BookmarkDataService.swift */,
			);
			path = Services;
			sourceTree = "<group>";
		};
		13ED5BB72B4E83360000DBFB /* Common */ = {
			isa = PBXGroup;
			children = (
				13ED5BB82B4E83400000DBFB /* Extensions */,
				13ED5BB92B4E834A0000DBFB /* Utilities */,
			);
			path = Common;
			sourceTree = "<group>";
		};
		13ED5BB82B4E83400000DBFB /* Extensions */ = {
			isa = PBXGroup;
			children = (
				13ED5BD02B4E8E3B0000DBFB /* Extension+String.swift */,
				13ED5BD22B4E8E620000DBFB /* Extension+UITableView.swift */,
			);
			path = Extensions;
			sourceTree = "<group>";
		};
		13ED5BB92B4E834A0000DBFB /* Utilities */ = {
			isa = PBXGroup;
			children = (
				13ED5BC02B4E85E40000DBFB /* Constants.swift */,
				13ED5BC22B4E87E50000DBFB /* AnimalType.swift */,
			);
			path = Utilities;
			sourceTree = "<group>";
		};
		13ED5BD62B50C9800000DBFB /* Scenes */ = {
			isa = PBXGroup;
			children = (
				13ED5BD72B50CA930000DBFB /* ListOfAnimalsModule */,
				13ED5BE72B512F420000DBFB /* AnimalPicturesModule */,
				13ED5BE82B5134800000DBFB /* FavoriteModule */,
				13ED5BE42B50FD890000DBFB /* Shared */,
			);
			path = Scenes;
			sourceTree = "<group>";
		};
		13ED5BD72B50CA930000DBFB /* ListOfAnimalsModule */ = {
			isa = PBXGroup;
			children = (
				13ED5BDA2B50CAEC0000DBFB /* Router */,
				13ED5BD82B50CABA0000DBFB /* Interactor */,
				13ED5BD92B50CAC80000DBFB /* Presenter */,
				13ED5BB32B4E81E50000DBFB /* View */,
			);
			path = ListOfAnimalsModule;
			sourceTree = "<group>";
		};
		13ED5BD82B50CABA0000DBFB /* Interactor */ = {
			isa = PBXGroup;
			children = (
				13ED5BDB2B50CB670000DBFB /* ListOfAnimalInteractor.swift */,
			);
			path = Interactor;
			sourceTree = "<group>";
		};
		13ED5BD92B50CAC80000DBFB /* Presenter */ = {
			isa = PBXGroup;
			children = (
				13ED5BDD2B50CCC80000DBFB /* ListOfAnimalPresenter.swift */,
			);
			path = Presenter;
			sourceTree = "<group>";
		};
		13ED5BDA2B50CAEC0000DBFB /* Router */ = {
			isa = PBXGroup;
			children = (
				13ED5BDF2B50CCD60000DBFB /* ListOfAnimalRouter.swift */,
			);
			path = Router;
			sourceTree = "<group>";
		};
		13ED5BE32B50E88C0000DBFB /* Cells */ = {
			isa = PBXGroup;
			children = (
				13ED5C052B518ACF0000DBFB /* ListTableViewCell.swift */,
				13ED5C062B518ACF0000DBFB /* ListTableViewCell.xib */,
			);
			path = Cells;
			sourceTree = "<group>";
		};
		13ED5BE42B50FD890000DBFB /* Shared */ = {
			isa = PBXGroup;
			children = (
				13ED5BE52B50FD9D0000DBFB /* ModuleConfigurator.swift */,
			);
			path = Shared;
			sourceTree = "<group>";
		};
		13ED5BE72B512F420000DBFB /* AnimalPicturesModule */ = {
			isa = PBXGroup;
			children = (
				13ED5BEC2B5134AD0000DBFB /* Router */,
				13ED5BEA2B51349E0000DBFB /* Interactor */,
				13ED5BEB2B5134A60000DBFB /* Presenter */,
				13ED5BE92B5134960000DBFB /* View */,
			);
			path = AnimalPicturesModule;
			sourceTree = "<group>";
		};
		13ED5BE82B5134800000DBFB /* FavoriteModule */ = {
			isa = PBXGroup;
			children = (
				13ED5BF02B5134D00000DBFB /* Router */,
				13ED5BEE2B5134BB0000DBFB /* Interactor */,
				13ED5BEF2B5134C30000DBFB /* Presenter */,
				13ED5BED2B5134B40000DBFB /* View */,
			);
			path = FavoriteModule;
			sourceTree = "<group>";
		};
		13ED5BE92B5134960000DBFB /* View */ = {
			isa = PBXGroup;
			children = (
				13ED5C2F2B52E1D10000DBFB /* Cell */,
				13ED5BF12B5136B60000DBFB /* AnimalPictureViewController.swift */,
				13ED5BF22B5136B60000DBFB /* AnimalPictureViewController.xib */,
			);
			path = View;
			sourceTree = "<group>";
		};
		13ED5BEA2B51349E0000DBFB /* Interactor */ = {
			isa = PBXGroup;
			children = (
				13ED5BF52B5136C60000DBFB /* AnimalPictureInteractor.swift */,
			);
			path = Interactor;
			sourceTree = "<group>";
		};
		13ED5BEB2B5134A60000DBFB /* Presenter */ = {
			isa = PBXGroup;
			children = (
				13ED5BF72B5136D20000DBFB /* AnimalPicturePresenter.swift */,
			);
			path = Presenter;
			sourceTree = "<group>";
		};
		13ED5BEC2B5134AD0000DBFB /* Router */ = {
			isa = PBXGroup;
			children = (
				13ED5BF92B5136DE0000DBFB /* AnimalPictureRouter.swift */,
			);
			path = Router;
			sourceTree = "<group>";
		};
		13ED5BED2B5134B40000DBFB /* View */ = {
			isa = PBXGroup;
			children = (
				13ED5C2E2B52E18F0000DBFB /* Cell */,
				13ED5BFB2B5136EF0000DBFB /* FavoriteViewController.swift */,
				13ED5BFC2B5136EF0000DBFB /* FavoriteViewController.xib */,
			);
			path = View;
			sourceTree = "<group>";
		};
		13ED5BEE2B5134BB0000DBFB /* Interactor */ = {
			isa = PBXGroup;
			children = (
				13ED5BFF2B5136FD0000DBFB /* FavoriteInteractor.swift */,
			);
			path = Interactor;
			sourceTree = "<group>";
		};
		13ED5BEF2B5134C30000DBFB /* Presenter */ = {
			isa = PBXGroup;
			children = (
				13ED5C012B5137070000DBFB /* FavoritePresenter.swift */,
			);
			path = Presenter;
			sourceTree = "<group>";
		};
		13ED5BF02B5134D00000DBFB /* Router */ = {
			isa = PBXGroup;
			children = (
				13ED5C032B5137110000DBFB /* FavoriteRouter.swift */,
			);
			path = Router;
			sourceTree = "<group>";
		};
		13ED5C2C2B52E0010000DBFB /* AnimalList */ = {
			isa = PBXGroup;
			children = (
				13ED5BC82B4E8D850000DBFB /* AnimalBaseModel.swift */,
				13ED5BC52B4E8D840000DBFB /* AnimalCharacteristics.swift */,
				13ED5BC92B4E8D850000DBFB /* AnimalTaxonomy.swift */,
			);
			path = AnimalList;
			sourceTree = "<group>";
		};
		13ED5C2D2B52E02B0000DBFB /* AnimalImage */ = {
			isa = PBXGroup;
			children = (
				13ED5BC72B4E8D840000DBFB /* ImageBaseModel.swift */,
				13ED5BC42B4E8D840000DBFB /* ImagePhotos.swift */,
				13ED5BC62B4E8D840000DBFB /* ImageSrc.swift */,
			);
			path = AnimalImage;
			sourceTree = "<group>";
		};
		13ED5C2E2B52E18F0000DBFB /* Cell */ = {
			isa = PBXGroup;
			children = (
				138D0E8C2B54B7FC00206FBA /* FavoriteTableViewCell.swift */,
				138D0E8D2B54B7FC00206FBA /* FavoriteTableViewCell.xib */,
			);
			path = Cell;
			sourceTree = "<group>";
		};
		13ED5C2F2B52E1D10000DBFB /* Cell */ = {
			isa = PBXGroup;
			children = (
				13ED5C302B52E1FE0000DBFB /* PictureTableViewCell.swift */,
				13ED5C312B52E1FE0000DBFB /* PictureTableViewCell.xib */,
			);
			path = Cell;
			sourceTree = "<group>";
		};
		16241FF10F6FC87AF999EF97 /* Pods */ = {
			isa = PBXGroup;
			children = (
				D89E5319A6DFFE54C048B6D7 /* Pods-Animal App.debug.xcconfig */,
				0F42122B53B1D71AFB4F011D /* Pods-Animal App.release.xcconfig */,
			);
			path = Pods;
			sourceTree = "<group>";
		};
		6620FE3BB5D1A4EABAE4630C /* Frameworks */ = {
			isa = PBXGroup;
			children = (
				D0C7E089A5376D0036DFF754 /* Pods_Animal_App.framework */,
			);
			name = Frameworks;
			sourceTree = "<group>";
		};
/* End PBXGroup section */

/* Begin PBXNativeTarget section */
		13ED5B9A2B4E81C00000DBFB /* Animal App */ = {
			isa = PBXNativeTarget;
			buildConfigurationList = 13ED5BAF2B4E81C20000DBFB /* Build configuration list for PBXNativeTarget "Animal App" */;
			buildPhases = (
				2D08038E7D5BFAEB980B9AEE /* [CP] Check Pods Manifest.lock */,
				13ED5B972B4E81C00000DBFB /* Sources */,
				13ED5B982B4E81C00000DBFB /* Frameworks */,
				13ED5B992B4E81C00000DBFB /* Resources */,
				844A06664CE451D73DBEFB7B /* [CP] Embed Pods Frameworks */,
			);
			buildRules = (
			);
			dependencies = (
			);
			name = "Animal App";
			productName = "Animal App";
			productReference = 13ED5B9B2B4E81C00000DBFB /* Animal App.app */;
			productType = "com.apple.product-type.application";
		};
/* End PBXNativeTarget section */

/* Begin PBXProject section */
		13ED5B932B4E81C00000DBFB /* Project object */ = {
			isa = PBXProject;
			attributes = {
				BuildIndependentTargetsInParallel = 1;
				LastSwiftUpdateCheck = 1510;
				LastUpgradeCheck = 1510;
				TargetAttributes = {
					13ED5B9A2B4E81C00000DBFB = {
						CreatedOnToolsVersion = 15.1;
					};
				};
			};
			buildConfigurationList = 13ED5B962B4E81C00000DBFB /* Build configuration list for PBXProject "Animal App" */;
			compatibilityVersion = "Xcode 14.0";
			developmentRegion = en;
			hasScannedForEncodings = 0;
			knownRegions = (
				en,
				Base,
			);
			mainGroup = 13ED5B922B4E81C00000DBFB;
			productRefGroup = 13ED5B9C2B4E81C00000DBFB /* Products */;
			projectDirPath = "";
			projectRoot = "";
			targets = (
				13ED5B9A2B4E81C00000DBFB /* Animal App */,
			);
		};
/* End PBXProject section */

/* Begin PBXResourcesBuildPhase section */
		13ED5B992B4E81C00000DBFB /* Resources */ = {
			isa = PBXResourcesBuildPhase;
			buildActionMask = 2147483647;
			files = (
				13ED5C332B52E1FE0000DBFB /* PictureTableViewCell.xib in Resources */,
				13ED5BFE2B5136EF0000DBFB /* FavoriteViewController.xib in Resources */,
				13ED5BAB2B4E81C20000DBFB /* LaunchScreen.storyboard in Resources */,
				13ED5BA82B4E81C20000DBFB /* Assets.xcassets in Resources */,
				13ED5BF42B5136B60000DBFB /* AnimalPictureViewController.xib in Resources */,
				13ED5BA62B4E81C00000DBFB /* Main.storyboard in Resources */,
				13ED5BBD2B4E83980000DBFB /* ListOfAnimalViewController.xib in Resources */,
				13ED5C082B518ACF0000DBFB /* ListTableViewCell.xib in Resources */,
				138D0E8F2B54B7FC00206FBA /* FavoriteTableViewCell.xib in Resources */,
			);
			runOnlyForDeploymentPostprocessing = 0;
		};
/* End PBXResourcesBuildPhase section */

/* Begin PBXShellScriptBuildPhase section */
		2D08038E7D5BFAEB980B9AEE /* [CP] Check Pods Manifest.lock */ = {
			isa = PBXShellScriptBuildPhase;
			buildActionMask = 2147483647;
			files = (
			);
			inputFileListPaths = (
			);
			inputPaths = (
				"${PODS_PODFILE_DIR_PATH}/Podfile.lock",
				"${PODS_ROOT}/Manifest.lock",
			);
			name = "[CP] Check Pods Manifest.lock";
			outputFileListPaths = (
			);
			outputPaths = (
				"$(DERIVED_FILE_DIR)/Pods-Animal App-checkManifestLockResult.txt",
			);
			runOnlyForDeploymentPostprocessing = 0;
			shellPath = /bin/sh;
			shellScript = "diff \"${PODS_PODFILE_DIR_PATH}/Podfile.lock\" \"${PODS_ROOT}/Manifest.lock\" > /dev/null\nif [ $? != 0 ] ; then\n    # print error to STDERR\n    echo \"error: The sandbox is not in sync with the Podfile.lock. Run 'pod install' or update your CocoaPods installation.\" >&2\n    exit 1\nfi\n# This output is used by Xcode 'outputs' to avoid re-running this script phase.\necho \"SUCCESS\" > \"${SCRIPT_OUTPUT_FILE_0}\"\n";
			showEnvVarsInLog = 0;
		};
		844A06664CE451D73DBEFB7B /* [CP] Embed Pods Frameworks */ = {
			isa = PBXShellScriptBuildPhase;
			buildActionMask = 2147483647;
			files = (
			);
			inputFileListPaths = (
				"${PODS_ROOT}/Target Support Files/Pods-Animal App/Pods-Animal App-frameworks-${CONFIGURATION}-input-files.xcfilelist",
			);
			name = "[CP] Embed Pods Frameworks";
			outputFileListPaths = (
				"${PODS_ROOT}/Target Support Files/Pods-Animal App/Pods-Animal App-frameworks-${CONFIGURATION}-output-files.xcfilelist",
			);
			runOnlyForDeploymentPostprocessing = 0;
			shellPath = /bin/sh;
			shellScript = "\"${PODS_ROOT}/Target Support Files/Pods-Animal App/Pods-Animal App-frameworks.sh\"\n";
			showEnvVarsInLog = 0;
		};
/* End PBXShellScriptBuildPhase section */

/* Begin PBXSourcesBuildPhase section */
		13ED5B972B4E81C00000DBFB /* Sources */ = {
			isa = PBXSourcesBuildPhase;
			buildActionMask = 2147483647;
			files = (
				13ED5BFA2B5136DE0000DBFB /* AnimalPictureRouter.swift in Sources */,
				13ED5C2B2B52D0510000DBFB /* Endpoint.swift in Sources */,
				13ED5C022B5137070000DBFB /* FavoritePresenter.swift in Sources */,
				13ED5BCC2B4E8D850000DBFB /* ImageSrc.swift in Sources */,
				13ED5BF82B5136D20000DBFB /* AnimalPicturePresenter.swift in Sources */,
				13ED5C002B5136FD0000DBFB /* FavoriteInteractor.swift in Sources */,
				13ED5BD32B4E8E620000DBFB /* Extension+UITableView.swift in Sources */,
				13ED5BF62B5136C60000DBFB /* AnimalPictureInteractor.swift in Sources */,
				13ED5C322B52E1FE0000DBFB /* PictureTableViewCell.swift in Sources */,
				138D0E8E2B54B7FC00206FBA /* FavoriteTableViewCell.swift in Sources */,
				13ED5BCB2B4E8D850000DBFB /* AnimalCharacteristics.swift in Sources */,
				13ED5BFD2B5136EF0000DBFB /* FavoriteViewController.swift in Sources */,
				138D0E842B54AFB200206FBA /* BookmarkModel.xcdatamodeld in Sources */,
				13ED5BE62B50FD9D0000DBFB /* ModuleConfigurator.swift in Sources */,
				13ED5BA32B4E81C00000DBFB /* ViewController.swift in Sources */,
				138D0E8B2B54B32800206FBA /* BookmarkEntity+CoreDataClass.swift in Sources */,
				13ED5BBF2B4E84420000DBFB /* APIService.swift in Sources */,
				13ED5B9F2B4E81C00000DBFB /* AppDelegate.swift in Sources */,
				13ED5BCF2B4E8D850000DBFB /* AnimalTaxonomy.swift in Sources */,
				13ED5BCD2B4E8D850000DBFB /* ImageBaseModel.swift in Sources */,
				13ED5BE02B50CCD60000DBFB /* ListOfAnimalRouter.swift in Sources */,
				13ED5C042B5137110000DBFB /* FavoriteRouter.swift in Sources */,
				13ED5BA12B4E81C00000DBFB /* SceneDelegate.swift in Sources */,
				138D0E8A2B54B32800206FBA /* BookmarkEntity+CoreDataProperties.swift in Sources */,
				138D0E872B54B08300206FBA /* BookmarkDataService.swift in Sources */,
				13ED5BF32B5136B60000DBFB /* AnimalPictureViewController.swift in Sources */,
				13ED5BD12B4E8E3B0000DBFB /* Extension+String.swift in Sources */,
				13ED5BDE2B50CCC80000DBFB /* ListOfAnimalPresenter.swift in Sources */,
				13ED5C072B518ACF0000DBFB /* ListTableViewCell.swift in Sources */,
				13ED5BCE2B4E8D850000DBFB /* AnimalBaseModel.swift in Sources */,
				13ED5BCA2B4E8D850000DBFB /* ImagePhotos.swift in Sources */,
				13ED5BDC2B50CB670000DBFB /* ListOfAnimalInteractor.swift in Sources */,
				13ED5BBC2B4E83980000DBFB /* ListOfAnimalViewController.swift in Sources */,
				13ED5BC12B4E85E40000DBFB /* Constants.swift in Sources */,
				13ED5BC32B4E87E50000DBFB /* AnimalType.swift in Sources */,
			);
			runOnlyForDeploymentPostprocessing = 0;
		};
/* End PBXSourcesBuildPhase section */

/* Begin PBXVariantGroup section */
		13ED5BA42B4E81C00000DBFB /* Main.storyboard */ = {
			isa = PBXVariantGroup;
			children = (
				13ED5BA52B4E81C00000DBFB /* Base */,
			);
			name = Main.storyboard;
			sourceTree = "<group>";
		};
		13ED5BA92B4E81C20000DBFB /* LaunchScreen.storyboard */ = {
			isa = PBXVariantGroup;
			children = (
				13ED5BAA2B4E81C20000DBFB /* Base */,
			);
			name = LaunchScreen.storyboard;
			sourceTree = "<group>";
		};
/* End PBXVariantGroup section */

/* Begin XCBuildConfiguration section */
		13ED5BAD2B4E81C20000DBFB /* Debug */ = {
			isa = XCBuildConfiguration;
			buildSettings = {
				ALWAYS_SEARCH_USER_PATHS = NO;
				ASSETCATALOG_COMPILER_GENERATE_SWIFT_ASSET_SYMBOL_EXTENSIONS = YES;
				CLANG_ANALYZER_NONNULL = YES;
				CLANG_ANALYZER_NUMBER_OBJECT_CONVERSION = YES_AGGRESSIVE;
				CLANG_CXX_LANGUAGE_STANDARD = "gnu++20";
				CLANG_ENABLE_MODULES = YES;
				CLANG_ENABLE_OBJC_ARC = YES;
				CLANG_ENABLE_OBJC_WEAK = YES;
				CLANG_WARN_BLOCK_CAPTURE_AUTORELEASING = YES;
				CLANG_WARN_BOOL_CONVERSION = YES;
				CLANG_WARN_COMMA = YES;
				CLANG_WARN_CONSTANT_CONVERSION = YES;
				CLANG_WARN_DEPRECATED_OBJC_IMPLEMENTATIONS = YES;
				CLANG_WARN_DIRECT_OBJC_ISA_USAGE = YES_ERROR;
				CLANG_WARN_DOCUMENTATION_COMMENTS = YES;
				CLANG_WARN_EMPTY_BODY = YES;
				CLANG_WARN_ENUM_CONVERSION = YES;
				CLANG_WARN_INFINITE_RECURSION = YES;
				CLANG_WARN_INT_CONVERSION = YES;
				CLANG_WARN_NON_LITERAL_NULL_CONVERSION = YES;
				CLANG_WARN_OBJC_IMPLICIT_RETAIN_SELF = YES;
				CLANG_WARN_OBJC_LITERAL_CONVERSION = YES;
				CLANG_WARN_OBJC_ROOT_CLASS = YES_ERROR;
				CLANG_WARN_QUOTED_INCLUDE_IN_FRAMEWORK_HEADER = YES;
				CLANG_WARN_RANGE_LOOP_ANALYSIS = YES;
				CLANG_WARN_STRICT_PROTOTYPES = YES;
				CLANG_WARN_SUSPICIOUS_MOVE = YES;
				CLANG_WARN_UNGUARDED_AVAILABILITY = YES_AGGRESSIVE;
				CLANG_WARN_UNREACHABLE_CODE = YES;
				CLANG_WARN__DUPLICATE_METHOD_MATCH = YES;
				COPY_PHASE_STRIP = NO;
				DEBUG_INFORMATION_FORMAT = dwarf;
				ENABLE_STRICT_OBJC_MSGSEND = YES;
				ENABLE_TESTABILITY = YES;
				ENABLE_USER_SCRIPT_SANDBOXING = NO;
				GCC_C_LANGUAGE_STANDARD = gnu17;
				GCC_DYNAMIC_NO_PIC = NO;
				GCC_NO_COMMON_BLOCKS = YES;
				GCC_OPTIMIZATION_LEVEL = 0;
				GCC_PREPROCESSOR_DEFINITIONS = (
					"DEBUG=1",
					"$(inherited)",
				);
				GCC_WARN_64_TO_32_BIT_CONVERSION = YES;
				GCC_WARN_ABOUT_RETURN_TYPE = YES_ERROR;
				GCC_WARN_UNDECLARED_SELECTOR = YES;
				GCC_WARN_UNINITIALIZED_AUTOS = YES_AGGRESSIVE;
				GCC_WARN_UNUSED_FUNCTION = YES;
				GCC_WARN_UNUSED_VARIABLE = YES;
				IPHONEOS_DEPLOYMENT_TARGET = 17.2;
				LOCALIZATION_PREFERS_STRING_CATALOGS = YES;
				MTL_ENABLE_DEBUG_INFO = INCLUDE_SOURCE;
				MTL_FAST_MATH = YES;
				ONLY_ACTIVE_ARCH = YES;
				SDKROOT = iphoneos;
				SWIFT_ACTIVE_COMPILATION_CONDITIONS = "DEBUG $(inherited)";
				SWIFT_OPTIMIZATION_LEVEL = "-Onone";
			};
			name = Debug;
		};
		13ED5BAE2B4E81C20000DBFB /* Release */ = {
			isa = XCBuildConfiguration;
			buildSettings = {
				ALWAYS_SEARCH_USER_PATHS = NO;
				ASSETCATALOG_COMPILER_GENERATE_SWIFT_ASSET_SYMBOL_EXTENSIONS = YES;
				CLANG_ANALYZER_NONNULL = YES;
				CLANG_ANALYZER_NUMBER_OBJECT_CONVERSION = YES_AGGRESSIVE;
				CLANG_CXX_LANGUAGE_STANDARD = "gnu++20";
				CLANG_ENABLE_MODULES = YES;
				CLANG_ENABLE_OBJC_ARC = YES;
				CLANG_ENABLE_OBJC_WEAK = YES;
				CLANG_WARN_BLOCK_CAPTURE_AUTORELEASING = YES;
				CLANG_WARN_BOOL_CONVERSION = YES;
				CLANG_WARN_COMMA = YES;
				CLANG_WARN_CONSTANT_CONVERSION = YES;
				CLANG_WARN_DEPRECATED_OBJC_IMPLEMENTATIONS = YES;
				CLANG_WARN_DIRECT_OBJC_ISA_USAGE = YES_ERROR;
				CLANG_WARN_DOCUMENTATION_COMMENTS = YES;
				CLANG_WARN_EMPTY_BODY = YES;
				CLANG_WARN_ENUM_CONVERSION = YES;
				CLANG_WARN_INFINITE_RECURSION = YES;
				CLANG_WARN_INT_CONVERSION = YES;
				CLANG_WARN_NON_LITERAL_NULL_CONVERSION = YES;
				CLANG_WARN_OBJC_IMPLICIT_RETAIN_SELF = YES;
				CLANG_WARN_OBJC_LITERAL_CONVERSION = YES;
				CLANG_WARN_OBJC_ROOT_CLASS = YES_ERROR;
				CLANG_WARN_QUOTED_INCLUDE_IN_FRAMEWORK_HEADER = YES;
				CLANG_WARN_RANGE_LOOP_ANALYSIS = YES;
				CLANG_WARN_STRICT_PROTOTYPES = YES;
				CLANG_WARN_SUSPICIOUS_MOVE = YES;
				CLANG_WARN_UNGUARDED_AVAILABILITY = YES_AGGRESSIVE;
				CLANG_WARN_UNREACHABLE_CODE = YES;
				CLANG_WARN__DUPLICATE_METHOD_MATCH = YES;
				COPY_PHASE_STRIP = NO;
				DEBUG_INFORMATION_FORMAT = "dwarf-with-dsym";
				ENABLE_NS_ASSERTIONS = NO;
				ENABLE_STRICT_OBJC_MSGSEND = YES;
				ENABLE_USER_SCRIPT_SANDBOXING = NO;
				GCC_C_LANGUAGE_STANDARD = gnu17;
				GCC_NO_COMMON_BLOCKS = YES;
				GCC_WARN_64_TO_32_BIT_CONVERSION = YES;
				GCC_WARN_ABOUT_RETURN_TYPE = YES_ERROR;
				GCC_WARN_UNDECLARED_SELECTOR = YES;
				GCC_WARN_UNINITIALIZED_AUTOS = YES_AGGRESSIVE;
				GCC_WARN_UNUSED_FUNCTION = YES;
				GCC_WARN_UNUSED_VARIABLE = YES;
				IPHONEOS_DEPLOYMENT_TARGET = 17.2;
				LOCALIZATION_PREFERS_STRING_CATALOGS = YES;
				MTL_ENABLE_DEBUG_INFO = NO;
				MTL_FAST_MATH = YES;
				SDKROOT = iphoneos;
				SWIFT_COMPILATION_MODE = wholemodule;
				VALIDATE_PRODUCT = YES;
			};
			name = Release;
		};
		13ED5BB02B4E81C20000DBFB /* Debug */ = {
			isa = XCBuildConfiguration;
			baseConfigurationReference = D89E5319A6DFFE54C048B6D7 /* Pods-Animal App.debug.xcconfig */;
			buildSettings = {
				ASSETCATALOG_COMPILER_APPICON_NAME = AppIcon;
				ASSETCATALOG_COMPILER_GLOBAL_ACCENT_COLOR_NAME = AccentColor;
				CODE_SIGN_STYLE = Automatic;
				CURRENT_PROJECT_VERSION = 1;
				DEVELOPMENT_TEAM = HP77R9PHEA;
				GENERATE_INFOPLIST_FILE = YES;
				INFOPLIST_FILE = "Animal App/Info.plist";
				INFOPLIST_KEY_UIApplicationSupportsIndirectInputEvents = YES;
				INFOPLIST_KEY_UILaunchStoryboardName = LaunchScreen;
				INFOPLIST_KEY_UIMainStoryboardFile = Main;
				INFOPLIST_KEY_UISupportedInterfaceOrientations_iPad = "UIInterfaceOrientationPortrait UIInterfaceOrientationPortraitUpsideDown UIInterfaceOrientationLandscapeLeft UIInterfaceOrientationLandscapeRight";
				INFOPLIST_KEY_UISupportedInterfaceOrientations_iPhone = "UIInterfaceOrientationPortrait UIInterfaceOrientationLandscapeLeft UIInterfaceOrientationLandscapeRight";
				IPHONEOS_DEPLOYMENT_TARGET = 15.0;
				LD_RUNPATH_SEARCH_PATHS = (
					"$(inherited)",
					"@executable_path/Frameworks",
				);
				MARKETING_VERSION = 1.0;
				PRODUCT_BUNDLE_IDENTIFIER = "jeripm.Animal-App";
				PRODUCT_NAME = "$(TARGET_NAME)";
				SWIFT_EMIT_LOC_STRINGS = YES;
				SWIFT_VERSION = 5.0;
				TARGETED_DEVICE_FAMILY = "1,2";
			};
			name = Debug;
		};
		13ED5BB12B4E81C20000DBFB /* Release */ = {
			isa = XCBuildConfiguration;
			baseConfigurationReference = 0F42122B53B1D71AFB4F011D /* Pods-Animal App.release.xcconfig */;
			buildSettings = {
				ASSETCATALOG_COMPILER_APPICON_NAME = AppIcon;
				ASSETCATALOG_COMPILER_GLOBAL_ACCENT_COLOR_NAME = AccentColor;
				CODE_SIGN_STYLE = Automatic;
				CURRENT_PROJECT_VERSION = 1;
				DEVELOPMENT_TEAM = HP77R9PHEA;
				GENERATE_INFOPLIST_FILE = YES;
				INFOPLIST_FILE = "Animal App/Info.plist";
				INFOPLIST_KEY_UIApplicationSupportsIndirectInputEvents = YES;
				INFOPLIST_KEY_UILaunchStoryboardName = LaunchScreen;
				INFOPLIST_KEY_UIMainStoryboardFile = Main;
				INFOPLIST_KEY_UISupportedInterfaceOrientations_iPad = "UIInterfaceOrientationPortrait UIInterfaceOrientationPortraitUpsideDown UIInterfaceOrientationLandscapeLeft UIInterfaceOrientationLandscapeRight";
				INFOPLIST_KEY_UISupportedInterfaceOrientations_iPhone = "UIInterfaceOrientationPortrait UIInterfaceOrientationLandscapeLeft UIInterfaceOrientationLandscapeRight";
				IPHONEOS_DEPLOYMENT_TARGET = 15.0;
				LD_RUNPATH_SEARCH_PATHS = (
					"$(inherited)",
					"@executable_path/Frameworks",
				);
				MARKETING_VERSION = 1.0;
				PRODUCT_BUNDLE_IDENTIFIER = "jeripm.Animal-App";
				PRODUCT_NAME = "$(TARGET_NAME)";
				SWIFT_EMIT_LOC_STRINGS = YES;
				SWIFT_VERSION = 5.0;
				TARGETED_DEVICE_FAMILY = "1,2";
			};
			name = Release;
		};
/* End XCBuildConfiguration section */

/* Begin XCConfigurationList section */
		13ED5B962B4E81C00000DBFB /* Build configuration list for PBXProject "Animal App" */ = {
			isa = XCConfigurationList;
			buildConfigurations = (
				13ED5BAD2B4E81C20000DBFB /* Debug */,
				13ED5BAE2B4E81C20000DBFB /* Release */,
			);
			defaultConfigurationIsVisible = 0;
			defaultConfigurationName = Release;
		};
		13ED5BAF2B4E81C20000DBFB /* Build configuration list for PBXNativeTarget "Animal App" */ = {
			isa = XCConfigurationList;
			buildConfigurations = (
				13ED5BB02B4E81C20000DBFB /* Debug */,
				13ED5BB12B4E81C20000DBFB /* Release */,
			);
			defaultConfigurationIsVisible = 0;
			defaultConfigurationName = Release;
		};
/* End XCConfigurationList section */

/* Begin XCVersionGroup section */
		138D0E822B54AFB200206FBA /* BookmarkModel.xcdatamodeld */ = {
			isa = XCVersionGroup;
			children = (
				138D0E832B54AFB200206FBA /* BookmarkModel.xcdatamodel */,
			);
			currentVersion = 138D0E832B54AFB200206FBA /* BookmarkModel.xcdatamodel */;
			path = BookmarkModel.xcdatamodeld;
			sourceTree = "<group>";
			versionGroupType = wrapper.xcdatamodel;
		};
/* End XCVersionGroup section */
	};
	rootObject = 13ED5B932B4E81C00000DBFB /* Project object */;
}
